{
  "version": 4,
  "terraform_version": "1.2.8",
  "serial": 37,
  "lineage": "94f39185-a624-daf5-f71c-88bff9c4633e",
  "outputs": {},
  "resources": [
    {
      "mode": "data",
      "type": "google_service_account",
      "name": "cloudsql-proxy-terraform",
      "provider": "provider[\"registry.terraform.io/hashicorp/google\"]",
      "instances": [
        {
          "schema_version": 0,
          "attributes": {
            "account_id": null,
            "display_name": null,
            "email": null,
            "id": null,
            "name": null,
            "project": null,
            "unique_id": null
          },
          "sensitive_attributes": []
        }
      ]
    },
    {
      "mode": "data",
      "type": "google_sql_database_instance",
      "name": "cloudsql",
      "provider": "provider[\"registry.terraform.io/hashicorp/google\"]",
      "instances": [
        {
          "schema_version": 0,
          "attributes": {
            "clone": null,
            "connection_name": "enuygun-project:europe-west3:cloudsql-terraform",
            "database_version": "MYSQL_5_7",
            "deletion_protection": null,
            "encryption_key_name": null,
            "first_ip_address": "34.141.83.75",
            "id": "cloudsql-terraform",
            "ip_address": [
              {
                "ip_address": "34.141.83.75",
                "time_to_retire": "",
                "type": "PRIMARY"
              }
            ],
            "master_instance_name": "",
            "name": "cloudsql-terraform",
            "private_ip_address": "",
            "project": "enuygun-project",
            "public_ip_address": "34.141.83.75",
            "region": "europe-west3",
            "replica_configuration": [],
            "restore_backup_context": null,
            "root_password": null,
            "self_link": "https://sqladmin.googleapis.com/sql/v1beta4/projects/enuygun-project/instances/cloudsql-terraform",
            "server_ca_cert": [
              {
                "cert": "-----BEGIN CERTIFICATE-----\nMIIDfzCCAmegAwIBAgIBADANBgkqhkiG9w0BAQsFADB3MS0wKwYDVQQuEyQxMTYx\nMDI2OC0wNzhiLTRmZDgtODY1Ny0xMGJmMmE0MGEyMWYxIzAhBgNVBAMTGkdvb2ds\nZSBDbG91ZCBTUUwgU2VydmVyIENBMRQwEgYDVQQKEwtHb29nbGUsIEluYzELMAkG\nA1UEBhMCVVMwHhcNMjIwOTA2MTYwNzMxWhcNMzIwOTAzMTYwODMxWjB3MS0wKwYD\nVQQuEyQxMTYxMDI2OC0wNzhiLTRmZDgtODY1Ny0xMGJmMmE0MGEyMWYxIzAhBgNV\nBAMTGkdvb2dsZSBDbG91ZCBTUUwgU2VydmVyIENBMRQwEgYDVQQKEwtHb29nbGUs\nIEluYzELMAkGA1UEBhMCVVMwggEiMA0GCSqGSIb3DQEBAQUAA4IBDwAwggEKAoIB\nAQDRDmmLo2x5LeIrOfyTnguLbSySM0yv2v8z8lKg/Dfia1ijYxTOC5a3bLOhSbE5\nTbstS6SepqsidRPMquX9JPy2xCZxetXIzeigW5QYxPG8zupK2TbHWKJOe+yb6lb+\npZ6k+oRLXcQ41Q+EkJKHjg/xlJLzGeHwBnbW5CLgVFJlRH98q+mVe4AIulhWeeJa\nJQp2TjqgLfIcKeBhSV67Mz7oKhFXBZJKDhBZeaod6/+bftEWIyCyUIoktkhR5U3Y\nTqZMxEj/1VMs28XdM/V+zEGW6pyG/j20aePKcpyisQ8BTb6JtZe7YM/qT1zmhV7k\nxyms+SaTHrK9kc8UuLVThE8NAgMBAAGjFjAUMBIGA1UdEwEB/wQIMAYBAf8CAQAw\nDQYJKoZIhvcNAQELBQADggEBAL22dIDd4YHrya0XyjSY+ZnL5P7004iTuLb8j8jW\nD17RHWUyDo46bVYH5c9rJyFSSpPayci2R4gsW634Q1p+J0oFVWdl707XEjnBBLYM\n3OSTcIgZSm5diFqIFT+pSIzaibW5Y3UC1YOH96aAitzKcYh/tEu3LnWrtIfyDtrq\n8Ozbp/qtnIJ0mEEdGbfXkOj5EsIuUyjbCZM59CJMXoAKu194JH8xHtm7mGP0R70s\n0+bdSCg3hKA1iJv/RxuDMS8MOxzKRowjQ0TZ8mVEQjxmoNCfR6IOYunQWwjFVjKZ\nyaMhGDVklPn/dkF+2zfP+rgXunStOqyWFopVJlajpa/MB+s=\n-----END CERTIFICATE-----",
                "common_name": "C=US,O=Google\\, Inc,CN=Google Cloud SQL Server CA,dnQualifier=11610268-078b-4fd8-8657-10bf2a40a21f",
                "create_time": "2022-09-06T16:07:31.477Z",
                "expiration_time": "2032-09-03T16:08:31.477Z",
                "sha1_fingerprint": "d3212c44a7f61705de0595b040abda519f406183"
              }
            ],
            "service_account_email_address": "p1029897257404-ij5o34@gcp-sa-cloud-sql.iam.gserviceaccount.com",
            "settings": [
              {
                "activation_policy": "ALWAYS",
                "active_directory_config": [],
                "availability_type": "ZONAL",
                "backup_configuration": [
                  {
                    "backup_retention_settings": [
                      {
                        "retained_backups": 7,
                        "retention_unit": "COUNT"
                      }
                    ],
                    "binary_log_enabled": false,
                    "enabled": false,
                    "location": "",
                    "point_in_time_recovery_enabled": false,
                    "start_time": "22:00",
                    "transaction_log_retention_days": 7
                  }
                ],
                "collation": "",
                "database_flags": [],
                "disk_autoresize": true,
                "disk_autoresize_limit": 0,
                "disk_size": 10,
                "disk_type": "PD_SSD",
                "insights_config": [],
                "ip_configuration": [
                  {
                    "allocated_ip_range": "",
                    "authorized_networks": [],
                    "ipv4_enabled": true,
                    "private_network": "",
                    "require_ssl": false
                  }
                ],
                "location_preference": [
                  {
                    "follow_gae_application": "",
                    "secondary_zone": "",
                    "zone": "europe-west3-b"
                  }
                ],
                "maintenance_window": [],
                "password_validation_policy": [],
                "pricing_plan": "PER_USE",
                "sql_server_audit_config": [],
                "tier": "db-f1-micro",
                "user_labels": {},
                "version": 1
              }
            ]
          },
          "sensitive_attributes": []
        }
      ]
    },
    {
      "mode": "managed",
      "type": "google_compute_disk",
      "name": "terraform-pd",
      "provider": "provider[\"registry.terraform.io/hashicorp/google\"]",
      "instances": [
        {
          "schema_version": 0,
          "attributes": {
            "creation_timestamp": "2022-09-06T09:22:00.448-07:00",
            "description": "",
            "disk_encryption_key": [],
            "id": "projects/enuygun-project/zones/europe-west3-c/disks/terraform-disk",
            "image": "",
            "label_fingerprint": "42WmSpB8rSM=",
            "labels": null,
            "last_attach_timestamp": "",
            "last_detach_timestamp": "",
            "name": "terraform-disk",
            "physical_block_size_bytes": 4096,
            "project": "enuygun-project",
            "provisioned_iops": 0,
            "self_link": "https://www.googleapis.com/compute/v1/projects/enuygun-project/zones/europe-west3-c/disks/terraform-disk",
            "size": 500,
            "snapshot": "",
            "source_image_encryption_key": [],
            "source_image_id": "",
            "source_snapshot_encryption_key": [],
            "source_snapshot_id": "",
            "timeouts": null,
            "type": "pd-standard",
            "users": [],
            "zone": "europe-west3-c"
          },
          "sensitive_attributes": [],
          "private": "eyJlMmJmYjczMC1lY2FhLTExZTYtOGY4OC0zNDM2M2JjN2M0YzAiOnsiY3JlYXRlIjoxMjAwMDAwMDAwMDAwLCJkZWxldGUiOjEyMDAwMDAwMDAwMDAsInVwZGF0ZSI6MTIwMDAwMDAwMDAwMH19"
        }
      ]
    },
    {
      "mode": "managed",
      "type": "google_compute_network",
      "name": "terraform-network",
      "provider": "provider[\"registry.terraform.io/hashicorp/google\"]",
      "instances": [
        {
          "schema_version": 0,
          "attributes": {
            "auto_create_subnetworks": false,
            "delete_default_routes_on_create": false,
            "description": "",
            "enable_ula_internal_ipv6": false,
            "gateway_ipv4": "",
            "id": "projects/enuygun-project/global/networks/terraform-network",
            "internal_ipv6_range": "",
            "mtu": 0,
            "name": "terraform-network",
            "project": "enuygun-project",
            "routing_mode": "REGIONAL",
            "self_link": "https://www.googleapis.com/compute/v1/projects/enuygun-project/global/networks/terraform-network",
            "timeouts": null
          },
          "sensitive_attributes": [],
          "private": "eyJlMmJmYjczMC1lY2FhLTExZTYtOGY4OC0zNDM2M2JjN2M0YzAiOnsiY3JlYXRlIjoxMjAwMDAwMDAwMDAwLCJkZWxldGUiOjEyMDAwMDAwMDAwMDAsInVwZGF0ZSI6MTIwMDAwMDAwMDAwMH19"
        }
      ]
    },
    {
      "mode": "managed",
      "type": "google_compute_subnetwork",
      "name": "terraform-subnet",
      "provider": "provider[\"registry.terraform.io/hashicorp/google\"]",
      "instances": [
        {
          "schema_version": 0,
          "attributes": {
            "creation_timestamp": "2022-09-06T09:22:13.029-07:00",
            "description": "",
            "external_ipv6_prefix": "",
            "fingerprint": null,
            "gateway_address": "10.0.0.1",
            "id": "projects/enuygun-project/regions/europe-west3/subnetworks/terraform-subnet",
            "ip_cidr_range": "10.0.0.0/24",
            "ipv6_access_type": "",
            "ipv6_cidr_range": "",
            "log_config": [],
            "name": "terraform-subnet",
            "network": "https://www.googleapis.com/compute/v1/projects/enuygun-project/global/networks/terraform-network",
            "private_ip_google_access": false,
            "private_ipv6_google_access": "DISABLE_GOOGLE_ACCESS",
            "project": "enuygun-project",
            "purpose": "PRIVATE",
            "region": "europe-west3",
            "role": "",
            "secondary_ip_range": [],
            "self_link": "https://www.googleapis.com/compute/v1/projects/enuygun-project/regions/europe-west3/subnetworks/terraform-subnet",
            "stack_type": "IPV4_ONLY",
            "timeouts": null
          },
          "sensitive_attributes": [],
          "private": "eyJlMmJmYjczMC1lY2FhLTExZTYtOGY4OC0zNDM2M2JjN2M0YzAiOnsiY3JlYXRlIjoxMjAwMDAwMDAwMDAwLCJkZWxldGUiOjEyMDAwMDAwMDAwMDAsInVwZGF0ZSI6MTIwMDAwMDAwMDAwMH19",
          "dependencies": [
            "google_compute_network.terraform-network"
          ]
        }
      ]
    },
    {
      "mode": "managed",
      "type": "google_container_cluster",
      "name": "gke-terraform",
      "provider": "provider[\"registry.terraform.io/hashicorp/google\"]",
      "instances": [
        {
          "schema_version": 1,
          "attributes": {
            "addons_config": [
              {
                "cloudrun_config": [],
                "dns_cache_config": [],
                "gce_persistent_disk_csi_driver_config": [
                  {
                    "enabled": true
                  }
                ],
                "gcp_filestore_csi_driver_config": [],
                "horizontal_pod_autoscaling": [],
                "http_load_balancing": [],
                "network_policy_config": [
                  {
                    "disabled": true
                  }
                ]
              }
            ],
            "authenticator_groups_config": [],
            "binary_authorization": [
              {
                "enabled": false,
                "evaluation_mode": ""
              }
            ],
            "cluster_autoscaling": [
              {
                "auto_provisioning_defaults": [],
                "enabled": false,
                "resource_limits": []
              }
            ],
            "cluster_ipv4_cidr": "10.204.0.0/14",
            "confidential_nodes": [],
            "database_encryption": [
              {
                "key_name": "",
                "state": "DECRYPTED"
              }
            ],
            "datapath_provider": "",
            "default_max_pods_per_node": null,
            "default_snat_status": [
              {
                "disabled": false
              }
            ],
            "description": "",
            "dns_config": [],
            "enable_autopilot": false,
            "enable_binary_authorization": false,
            "enable_intranode_visibility": false,
            "enable_kubernetes_alpha": false,
            "enable_legacy_abac": false,
            "enable_shielded_nodes": true,
            "enable_tpu": false,
            "endpoint": "34.159.250.209",
            "id": "projects/enuygun-project/locations/europe-west3-c/clusters/gke-terraform",
            "initial_node_count": 1,
            "ip_allocation_policy": [],
            "label_fingerprint": "a9dc16a7",
            "location": "europe-west3-c",
            "logging_config": [
              {
                "enable_components": [
                  "SYSTEM_COMPONENTS",
                  "WORKLOADS"
                ]
              }
            ],
            "logging_service": "logging.googleapis.com/kubernetes",
            "maintenance_policy": [],
            "master_auth": [
              {
                "client_certificate": "",
                "client_certificate_config": [
                  {
                    "issue_client_certificate": false
                  }
                ],
                "client_key": "",
                "cluster_ca_certificate": "LS0tLS1CRUdJTiBDRVJUSUZJQ0FURS0tLS0tCk1JSUVMRENDQXBTZ0F3SUJBZ0lRSDlFU1lWU0hZNjJMTHdZb0taQzdlREFOQmdrcWhraUc5dzBCQVFzRkFEQXYKTVMwd0t3WURWUVFERXlReE16QmxNbVE1WlMxbFkyWm1MVFJpTldZdFlqQmtPQzFoTVdNell6QTVOV1poTUdVdwpJQmNOTWpJd09UQTJNVFV5TWpNMVdoZ1BNakExTWpBNE1qa3hOakl5TXpWYU1DOHhMVEFyQmdOVkJBTVRKREV6Ck1HVXlaRGxsTFdWalptWXROR0kxWmkxaU1HUTRMV0V4WXpOak1EazFabUV3WlRDQ0FhSXdEUVlKS29aSWh2Y04KQVFFQkJRQURnZ0dQQURDQ0FZb0NnZ0dCQU1DSHpCbTZjZHZkbDNXSjloazZ2VTd5eVFXTy9ra2c2RlMxcGJ6bgpJajg2ZTdud3ZPMWd2M0ZhcFhKMnpqYmhtWE85b21uSzN5bUc2d3hDQnNLc3pYSG9OUEJmZlJrSHlDM0QrckJ6CmxBRjNsNTljWUhrY0RyWVg5VDFKbHhoOW9IbzRhRUJvMmZWMVBZamdOUnRSZjlqMi9SUGRxRGRuRk5lQ3dUV3cKUmtaNnZ3QytLb25sSzBOM3BKRys4WFJhcjZEMEV1VnU1R0laTkZZYmVSUGtHZHFhajVLMEFJMGdqbTlrNkprTApkek9VNzdaU3RRbGRobm5FS1dRNFBoQWE1eC9Jakk2emczOHdrUUZXYWFOalp4Q2JIVkR4eDAvTmEzbzFmMlZnCjhhWno5MlJQVlFHclRteVY5M3FZK09RQVJBem5SSXFpbUppVDU3Vmx4djR1WWorV25GaDhWV09IVUcvQWdzalYKYkx6bXQ3cjVaRkR0MnBzWGRDYVhxVGxWcDJxL09YY0RxSk5wZVR6a1VDMUVUekUxWW9ScDFXMDdObzlCUnRONgpuR0MzWE80bkxJd2hwaGg5R09rOFB3ZjVHdm1tNzZKbElGaTdkZ0pmZkFYa1J3S3dxVS9kMFhPeWVRQjN5Q1RTCnpuTzFjM2JwTlVRUVFQR04zbXpCVkpTQ013SURBUUFCbzBJd1FEQU9CZ05WSFE4QkFmOEVCQU1DQWdRd0R3WUQKVlIwVEFRSC9CQVV3QXdFQi96QWRCZ05WSFE0RUZnUVVFcFNZUlBNOFQ5d2xEY2FGbXFmOGVkTXY5Wkl3RFFZSgpLb1pJaHZjTkFRRUxCUUFEZ2dHQkFGRG5YWDdqUms3T01yM2JFZzgrZE1qYXRWeDBwbExQc3I0QWw1YUQveElPCkE2Y1Z0WmdHdmFzWFVYdU9zVEtMQ1l4ZUNLc2toWUxWSFhUblp1TXhqeXV6cWNoN0lGMFFyZU05Z0h1VEM2ODAKdFEzUVF1aFNqQ3ZwRkVDblJPYmZxOUd3cVZYOWRNVkpMTENPMmgzRSt4a2hWeTVhVVJLYzJUWFY4SkppRzdNOApnaUhjdGZ4VzlrOWxnamJiWTRWd3VBZUlQY3hqVURCR216aGoxVC9wekJEMTNWbkU3bHYvTFd3dmxoU3p3NmpBCkVHTW1EZkFUV0tWWmN0cTdwTFN1ZXpUdVhwa0ltM2RreDJLZGhpM01JQk0zamhqZENLenBRZ1E5d3VLZ05sZEQKK3VhVTlwdXZ1Q0MrRm5zeFZhenFJS1U2YlgrRHhNU04wSUtaSUllWmxxWGJYcFpJR1pPVS9zaUFnbm1CRndkZwowY21rWTdHS2V6MGhjR2R4eDE0aGllR2V4TlZnVjlMVTNibEFKOC81aFlOMWlTa1I5YmRhS3A3THJCL01CUmZwCnNlSzhCVTd2QnJaYjB2aktMbnluV09nM0FzWEd0dlRTNlhVM0tiakRoWi8waTNabi96b0tNSXpwbE1JbXdWYnYKNVlEbWhaaXJJd0hjRG5pWDBCZVh0dz09Ci0tLS0tRU5EIENFUlRJRklDQVRFLS0tLS0K"
              }
            ],
            "master_authorized_networks_config": [],
            "master_version": "1.22.11-gke.400",
            "mesh_certificates": [],
            "min_master_version": null,
            "monitoring_config": [
              {
                "enable_components": [
                  "SYSTEM_COMPONENTS"
                ]
              }
            ],
            "monitoring_service": "monitoring.googleapis.com/kubernetes",
            "name": "gke-terraform",
            "network": "projects/enuygun-project/global/networks/terraform-network",
            "network_policy": [
              {
                "enabled": false,
                "provider": "PROVIDER_UNSPECIFIED"
              }
            ],
            "networking_mode": "ROUTES",
            "node_config": [
              {
                "boot_disk_kms_key": "",
                "disk_size_gb": 100,
                "disk_type": "pd-standard",
                "gcfs_config": [],
                "guest_accelerator": [],
                "gvnic": [],
                "image_type": "COS_CONTAINERD",
                "labels": {},
                "local_ssd_count": 0,
                "machine_type": "e2-medium",
                "metadata": {
                  "disable-legacy-endpoints": "true"
                },
                "min_cpu_platform": "",
                "node_group": "",
                "oauth_scopes": [
                  "https://www.googleapis.com/auth/devstorage.read_only",
                  "https://www.googleapis.com/auth/logging.write",
                  "https://www.googleapis.com/auth/monitoring",
                  "https://www.googleapis.com/auth/service.management.readonly",
                  "https://www.googleapis.com/auth/servicecontrol",
                  "https://www.googleapis.com/auth/trace.append"
                ],
                "preemptible": false,
                "reservation_affinity": [],
                "service_account": "default",
                "shielded_instance_config": [
                  {
                    "enable_integrity_monitoring": true,
                    "enable_secure_boot": false
                  }
                ],
                "spot": false,
                "tags": [],
                "taint": [],
                "workload_metadata_config": []
              }
            ],
            "node_locations": [],
            "node_pool": [
              {
                "autoscaling": [],
                "initial_node_count": 1,
                "instance_group_urls": [
                  "https://www.googleapis.com/compute/v1/projects/enuygun-project/zones/europe-west3-c/instanceGroupManagers/gke-gke-terraform-default-pool-49b58820-grp"
                ],
                "managed_instance_group_urls": [
                  "https://www.googleapis.com/compute/v1/projects/enuygun-project/zones/europe-west3-c/instanceGroups/gke-gke-terraform-default-pool-49b58820-grp"
                ],
                "management": [
                  {
                    "auto_repair": true,
                    "auto_upgrade": true
                  }
                ],
                "max_pods_per_node": 0,
                "name": "default-pool",
                "name_prefix": "",
                "node_config": [
                  {
                    "boot_disk_kms_key": "",
                    "disk_size_gb": 100,
                    "disk_type": "pd-standard",
                    "gcfs_config": [],
                    "guest_accelerator": [],
                    "gvnic": [],
                    "image_type": "COS_CONTAINERD",
                    "labels": {},
                    "local_ssd_count": 0,
                    "machine_type": "e2-medium",
                    "metadata": {
                      "disable-legacy-endpoints": "true"
                    },
                    "min_cpu_platform": "",
                    "node_group": "",
                    "oauth_scopes": [
                      "https://www.googleapis.com/auth/devstorage.read_only",
                      "https://www.googleapis.com/auth/logging.write",
                      "https://www.googleapis.com/auth/monitoring",
                      "https://www.googleapis.com/auth/service.management.readonly",
                      "https://www.googleapis.com/auth/servicecontrol",
                      "https://www.googleapis.com/auth/trace.append"
                    ],
                    "preemptible": false,
                    "reservation_affinity": [],
                    "service_account": "default",
                    "shielded_instance_config": [
                      {
                        "enable_integrity_monitoring": true,
                        "enable_secure_boot": false
                      }
                    ],
                    "spot": false,
                    "tags": [],
                    "taint": [],
                    "workload_metadata_config": []
                  }
                ],
                "node_count": 1,
                "node_locations": [
                  "europe-west3-c"
                ],
                "upgrade_settings": [
                  {
                    "max_surge": 1,
                    "max_unavailable": 0
                  }
                ],
                "version": "1.22.11-gke.400"
              }
            ],
            "node_version": "1.22.11-gke.400",
            "notification_config": [
              {
                "pubsub": [
                  {
                    "enabled": false,
                    "topic": ""
                  }
                ]
              }
            ],
            "operation": null,
            "private_cluster_config": [],
            "private_ipv6_google_access": "",
            "project": "enuygun-project",
            "release_channel": [
              {
                "channel": "REGULAR"
              }
            ],
            "remove_default_node_pool": null,
            "resource_labels": null,
            "resource_usage_export_config": [],
            "self_link": "https://container.googleapis.com/v1/projects/enuygun-project/zones/europe-west3-c/clusters/gke-terraform",
            "services_ipv4_cidr": "10.207.240.0/20",
            "subnetwork": "projects/enuygun-project/regions/europe-west3/subnetworks/terraform-subnet",
            "timeouts": null,
            "tpu_ipv4_cidr_block": "",
            "vertical_pod_autoscaling": [],
            "workload_identity_config": []
          },
          "sensitive_attributes": [],
          "private": "eyJlMmJmYjczMC1lY2FhLTExZTYtOGY4OC0zNDM2M2JjN2M0YzAiOnsiY3JlYXRlIjoyNDAwMDAwMDAwMDAwLCJkZWxldGUiOjI0MDAwMDAwMDAwMDAsInJlYWQiOjI0MDAwMDAwMDAwMDAsInVwZGF0ZSI6MzYwMDAwMDAwMDAwMH0sInNjaGVtYV92ZXJzaW9uIjoiMSJ9",
          "dependencies": [
            "google_compute_network.terraform-network",
            "google_compute_subnetwork.terraform-subnet"
          ]
        }
      ]
    },
    {
      "mode": "managed",
      "type": "google_service_account",
      "name": "cloudsql-proxy-terraform",
      "provider": "provider[\"registry.terraform.io/hashicorp/google\"]",
      "instances": [
        {
          "schema_version": 0,
          "attributes": {
            "account_id": "cloudsql-proxy-terraform",
            "description": "",
            "disabled": false,
            "display_name": "cloudsql-proxy-terraform",
            "email": "cloudsql-proxy-terraform@enuygun-project.iam.gserviceaccount.com",
            "id": "projects/enuygun-project/serviceAccounts/cloudsql-proxy-terraform@enuygun-project.iam.gserviceaccount.com",
            "name": "projects/enuygun-project/serviceAccounts/cloudsql-proxy-terraform@enuygun-project.iam.gserviceaccount.com",
            "project": "enuygun-project",
            "timeouts": null,
            "unique_id": "101686921968966614717"
          },
          "sensitive_attributes": [],
          "private": "eyJlMmJmYjczMC1lY2FhLTExZTYtOGY4OC0zNDM2M2JjN2M0YzAiOnsiY3JlYXRlIjozMDAwMDAwMDAwMDB9fQ=="
        }
      ]
    },
    {
      "mode": "managed",
      "type": "google_service_account_key",
      "name": "cloudsql-proxy-key",
      "provider": "provider[\"registry.terraform.io/hashicorp/google\"]",
      "instances": [
        {
          "schema_version": 0,
          "attributes": {
            "id": "projects/enuygun-project/serviceAccounts/cloudsql-proxy-terraform@enuygun-project.iam.gserviceaccount.com/keys/d205a7d168184583ba46a8fc0dc157def144028f",
            "keepers": null,
            "key_algorithm": "KEY_ALG_RSA_2048",
            "name": "projects/enuygun-project/serviceAccounts/cloudsql-proxy-terraform@enuygun-project.iam.gserviceaccount.com/keys/d205a7d168184583ba46a8fc0dc157def144028f",
            "private_key": "ewogICJ0eXBlIjogInNlcnZpY2VfYWNjb3VudCIsCiAgInByb2plY3RfaWQiOiAiZW51eWd1bi1wcm9qZWN0IiwKICAicHJpdmF0ZV9rZXlfaWQiOiAiZDIwNWE3ZDE2ODE4NDU4M2JhNDZhOGZjMGRjMTU3ZGVmMTQ0MDI4ZiIsCiAgInByaXZhdGVfa2V5IjogIi0tLS0tQkVHSU4gUFJJVkFURSBLRVktLS0tLVxuTUlJRXZRSUJBREFOQmdrcWhraUc5dzBCQVFFRkFBU0NCS2N3Z2dTakFnRUFBb0lCQVFDeVpvOTQxaHBoWElZWFxuTEszOTMrQmFUbmhwbGErK1plUUZZc2FoeTlrQjlhdk5WKzJBdHZrRVAvdUkzSEZySTJrUGRlNnZkZEhnSGtXQlxuVlYrZUdHczVIQUlwWnoxYVh3WEZkTWpXQ2dGZDNZektjWXdIN3BlZVRHNEFhYi8yVGw0SU1WZG1DeTFoRThOdFxudk0yRjY2RUUwdldzTE5jNlN2b2IwcFY5amh0TTVPQzZpNkZDMVBVL0RJVG0wTDNMdng0VUN4Q3o0MXBYdXQ3a1xubDdTbGthNm16S2ZuNXhFQWxCc0YycGlaY3ZtY2FDbHlyZkJRYng5dUhIT0FqeksxbFNBclNoejlZR21pMGxVc1xuWHRraTBheHdtNWZKZERGL20xSW9qWmRUa0g0TFA0ajRwNTF0NGdhYkRtTHBSMVhkSkVQNm9rWnRCV0VjZ1RFaVxueDR4VGExcnZBZ01CQUFFQ2dnRUFGYlhjZk9pVlVrYm52SmMvMzFibzN5U1FpOHpmRTgwamlESkNtUHNOUUN0TlxuQ3BMS1FQRkRjYXgxcUd5blV0SCszWlpOQTBaVDBiSHRaSFZteXY4T3dXYnlybVkxZGJOOXFNOXpCM1UxUUY2UFxuWFMyZlRISFJPcjd6WGhLQWZYR0JDUDgwTXlObUZOdktXeWJ3WGYxVVhabHNzMVRMcG5qc1lnbHBEdHdGMzRBQlxuQTFZaGQ4MmEzZ3FtR1ZPbmY4S1hmaXMrWDRtU1QrZkJmb3EwVjZURXpGRTk2MzkvOHU0UGdYL0hKZWUrbjZzbFxuTTJndE1yMUFFczVBcmtVSEdzN1FlYVBuVktDemxnSXZUZWdWZGowR250eVBJdStOYjlOUC9xa2Exa2tWRWlsdVxuOFZrMXBlcitRdGlzSERseW1qVE1YdDE1TlYwQWhkOEQxVGhmN2xGTDJRS0JnUURXd1B6ajBVRzJoWDdUZWUzRlxub1lHMWcyWkVqT3BKRjRQcW1nSTVjaDl1R2hqZ3lJTFVscnBNbmE1eFVTS3czRFZBMTRmdk40YXNUQnNURFV5blxuNklOaTlWT3JmWjVTQ2pZNnoxdml4MEtaU3JOM2pNaW9zbThIR2ZPTDlSaC84WlQ4YWQ2bzByZXVBSVhvRFhma1xuSjBya0hvN2VjeUQrdHdtWjVnSmNkYmVlNXdLQmdRRFVxaWhtbnEvZkNQcnZaRk1EbkZ6SzM2MmZoczNlTHVVOFxuTnM0VEE4YlpYZXJ1WHdOUkhuL3UzMWduem1SRHNyVjlHMjdwaGhlUFhJck9XcVpmTjRLR0FNL1FZWEMzVTVzVVxuODZzbFJtZ1FWOVJ6SVlwNkt5WWFueDhDL3JDaWQ4TWlDK3BTWUpDLy8xY0lyQmduQXozR2hWWE1rOVF0cWJUNFxuNDQvNnJFZUt1UUtCZ0g1V25LLzkzRFhmaFVRdU4vYUxWRDZQcGV0d0p5aUc0QUYxUnhlNmpzajhLMlNhTVhXVlxua3RZZDhaRVNsV0VNdTN1QkVLUm51eC9EeWkzRUpqT2xzeDNWaTdxWXRUbzRiYnpkWG9Za2lZYWJEc2VuR0NrK1xuaDlqYXFJL095ZklERW80SVRvaHRKc2dENE1NcW9UeWs3UWNVL3lIWkF6RTJSenkxdHUva0JQbERBb0dCQUk0WVxudkRJRmFpSXZEK3lSTGw3RlJjTlF2ZVJQNEpMSzV1VGJBY3IyeFJGTWpjT0V2T1NnNm42andYV25sSnNmZCtFR1xuU1kvRHgwNUZXWUlVVkFKZlJ0bGZCWHlJL3hXZnlZbXdYdlRqSEhsL0ZqZHZlK1d4bXg1Q29DZ1NJZGdOQ2RkZlxuK3N2Y05odno4eVdhUi9FWlcxZWdrL25EOVF3bHp3UldtVWUzZ1g0UkFvR0FiUHhBNm5SOC96OFdxS29seENjU1xuRU9nRFl5WU9BZXdnYXplelYxbVlJT2k0YXAvZTV1eDVRMEtTTWY2cUFYNGVpSnlLbmx5aHZlRkdVbS90YmtJYVxubXJtbnpFWm9TUEFFM2RYTjRnbjNlR08vUDRENEhyOXJQQVVKUkpLOTF1alcrVk9Xb2xnbE1WRzVZbnorZTBoYlxub2h4ZHdRam5JWHBXNlRWRE83SU9YWlE9XG4tLS0tLUVORCBQUklWQVRFIEtFWS0tLS0tXG4iLAogICJjbGllbnRfZW1haWwiOiAiY2xvdWRzcWwtcHJveHktdGVycmFmb3JtQGVudXlndW4tcHJvamVjdC5pYW0uZ3NlcnZpY2VhY2NvdW50LmNvbSIsCiAgImNsaWVudF9pZCI6ICIxMDE2ODY5MjE5Njg5NjY2MTQ3MTciLAogICJhdXRoX3VyaSI6ICJodHRwczovL2FjY291bnRzLmdvb2dsZS5jb20vby9vYXV0aDIvYXV0aCIsCiAgInRva2VuX3VyaSI6ICJodHRwczovL29hdXRoMi5nb29nbGVhcGlzLmNvbS90b2tlbiIsCiAgImF1dGhfcHJvdmlkZXJfeDUwOV9jZXJ0X3VybCI6ICJodHRwczovL3d3dy5nb29nbGVhcGlzLmNvbS9vYXV0aDIvdjEvY2VydHMiLAogICJjbGllbnRfeDUwOV9jZXJ0X3VybCI6ICJodHRwczovL3d3dy5nb29nbGVhcGlzLmNvbS9yb2JvdC92MS9tZXRhZGF0YS94NTA5L2Nsb3Vkc3FsLXByb3h5LXRlcnJhZm9ybSU0MGVudXlndW4tcHJvamVjdC5pYW0uZ3NlcnZpY2VhY2NvdW50LmNvbSIKfQo=",
            "private_key_type": "TYPE_GOOGLE_CREDENTIALS_FILE",
            "public_key": "LS0tLS1CRUdJTiBDRVJUSUZJQ0FURS0tLS0tCk1JSUMvRENDQWVTZ0F3SUJBZ0lJWGNDSGFna3UzZjR3RFFZSktvWklodmNOQVFFRkJRQXdJREVlTUJ3R0ExVUUKQXhNVk1UQXhOamcyT1RJeE9UWTRPVFkyTmpFME56RTNNQ0FYRFRJeU1Ea3dOakUyTWpJd01sb1lEems1T1RreApNak14TWpNMU9UVTVXakFnTVI0d0hBWURWUVFERXhVeE1ERTJPRFk1TWpFNU5qZzVOalkyTVRRM01UY3dnZ0VpCk1BMEdDU3FHU0liM0RRRUJBUVVBQTRJQkR3QXdnZ0VLQW9JQkFRQ3labzk0MWhwaFhJWVhMSzM5MytCYVRuaHAKbGErK1plUUZZc2FoeTlrQjlhdk5WKzJBdHZrRVAvdUkzSEZySTJrUGRlNnZkZEhnSGtXQlZWK2VHR3M1SEFJcApaejFhWHdYRmRNaldDZ0ZkM1l6S2NZd0g3cGVlVEc0QWFiLzJUbDRJTVZkbUN5MWhFOE50dk0yRjY2RUUwdldzCkxOYzZTdm9iMHBWOWpodE01T0M2aTZGQzFQVS9ESVRtMEwzTHZ4NFVDeEN6NDFwWHV0N2tsN1Nsa2E2bXpLZm4KNXhFQWxCc0YycGlaY3ZtY2FDbHlyZkJRYng5dUhIT0FqeksxbFNBclNoejlZR21pMGxVc1h0a2kwYXh3bTVmSgpkREYvbTFJb2paZFRrSDRMUDRqNHA1MXQ0Z2FiRG1McFIxWGRKRVA2b2tadEJXRWNnVEVpeDR4VGExcnZBZ01CCkFBR2pPREEyTUF3R0ExVWRFd0VCL3dRQ01BQXdEZ1lEVlIwUEFRSC9CQVFEQWdlQU1CWUdBMVVkSlFFQi93UU0KTUFvR0NDc0dBUVVGQndNQ01BMEdDU3FHU0liM0RRRUJCUVVBQTRJQkFRQUdheFRHd0xXZFNjNDBOK2QrcVpqNApBYmZqeEhFY0gvYTVnamw4eW1EWjRzN1FaTkY4cVVHcWpRVFhLV0RRdHhndU0wK2VQQjQ1dU45Z0g5anFGVnBzCmtSWThrOGw4MlpvQThjZCtlZ293UC9HYlpSZ0ZhQWtxOTloM01mVWVpTnFTLzJjNXprTTlkMS85ZHJ4QWJ5WXQKNEIwUnJPYVRRaEpUVXh3VUdJeU9SV3FNRmVUTFkwdzByUzYzaDE4M0t2Q0FjTE1yR29uVUxzMnNocUc0Y1h1RAplZTJ2QlBWNEtIakVrVElBSVEyck1pbGp3TW0rNGlHZ1oya1d1L1pLVEF6QThySHlFT085WnJRSTVpYkhPOEE1Cmh3TnJlTDJUQWYyb3kxaGZPbHZaUHZ2UDF2dHZtUTRjQ0FEbm9lK2hjS0dGWUVReWRUc3FJY0NaUEhNVHZNL0oKLS0tLS1FTkQgQ0VSVElGSUNBVEUtLS0tLQo=",
            "public_key_data": null,
            "public_key_type": "TYPE_X509_PEM_FILE",
            "service_account_id": "projects/enuygun-project/serviceAccounts/cloudsql-proxy-terraform@enuygun-project.iam.gserviceaccount.com",
            "valid_after": "2022-09-06T16:22:02Z",
            "valid_before": "9999-12-31T23:59:59Z"
          },
          "sensitive_attributes": [],
          "private": "bnVsbA==",
          "dependencies": [
            "google_service_account.cloudsql-proxy-terraform"
          ]
        }
      ]
    },
    {
      "mode": "managed",
      "type": "google_sql_user",
      "name": "cloudsql-wordpress-user",
      "provider": "provider[\"registry.terraform.io/hashicorp/google\"]",
      "instances": []
    },
    {
      "mode": "managed",
      "type": "kubernetes_deployment",
      "name": "wordpress-deployment",
      "provider": "provider[\"registry.terraform.io/hashicorp/kubernetes\"]",
      "instances": []
    },
    {
      "mode": "managed",
      "type": "kubernetes_persistent_volume_claim",
      "name": "terraform-pvc",
      "provider": "provider[\"registry.terraform.io/hashicorp/kubernetes\"]",
      "instances": []
    },
    {
      "mode": "managed",
      "type": "local_file",
      "name": "password-file",
      "provider": "provider[\"registry.terraform.io/hashicorp/local\"]",
      "instances": [
        {
          "schema_version": 0,
          "attributes": {
            "content": "UVe_YhqCMVPP@Wk37a",
            "content_base64": null,
            "directory_permission": "0777",
            "file_permission": "0777",
            "filename": "./password-file",
            "id": "858a7d3bf514ec05c22b7e40207335389b1b73c8",
            "sensitive_content": null,
            "source": null
          },
          "sensitive_attributes": [
            [
              {
                "type": "get_attr",
                "value": "content"
              }
            ]
          ],
          "private": "bnVsbA==",
          "dependencies": [
            "random_password.wordpress-cloudsql-password"
          ]
        }
      ]
    },
    {
      "mode": "managed",
      "type": "random_password",
      "name": "wordpress-cloudsql-password",
      "provider": "provider[\"registry.terraform.io/hashicorp/random\"]",
      "instances": [
        {
          "schema_version": 2,
          "attributes": {
            "bcrypt_hash": "$2a$10$mwDr0f6nLHilMGE2rq9LSet7QxyPM0vnA0yBFValSAh9YCBAp/kIW",
            "id": "none",
            "keepers": null,
            "length": 18,
            "lower": true,
            "min_lower": 0,
            "min_numeric": 0,
            "min_special": 0,
            "min_upper": 0,
            "number": true,
            "numeric": true,
            "override_special": "_%@",
            "result": "UVe_YhqCMVPP@Wk37a",
            "special": true,
            "upper": true
          },
          "sensitive_attributes": []
        }
      ]
    }
  ]
}
