{
  "version": 4,
  "terraform_version": "1.2.8",
  "serial": 44,
  "lineage": "94f39185-a624-daf5-f71c-88bff9c4633e",
  "outputs": {},
  "resources": [
    {
      "mode": "managed",
      "type": "google_compute_network",
      "name": "terraform-network",
      "provider": "provider[\"registry.terraform.io/hashicorp/google\"]",
      "instances": [
        {
          "schema_version": 0,
          "attributes": {
            "auto_create_subnetworks": false,
            "delete_default_routes_on_create": false,
            "description": "",
            "enable_ula_internal_ipv6": false,
            "gateway_ipv4": "",
            "id": "projects/enuygun-project/global/networks/terraform-network",
            "internal_ipv6_range": "",
            "mtu": 0,
            "name": "terraform-network",
            "project": "enuygun-project",
            "routing_mode": "REGIONAL",
            "self_link": "https://www.googleapis.com/compute/v1/projects/enuygun-project/global/networks/terraform-network",
            "timeouts": null
          },
          "sensitive_attributes": [],
          "private": "eyJlMmJmYjczMC1lY2FhLTExZTYtOGY4OC0zNDM2M2JjN2M0YzAiOnsiY3JlYXRlIjoxMjAwMDAwMDAwMDAwLCJkZWxldGUiOjEyMDAwMDAwMDAwMDAsInVwZGF0ZSI6MTIwMDAwMDAwMDAwMH19"
        }
      ]
    },
    {
      "mode": "managed",
      "type": "google_compute_subnetwork",
      "name": "terraform-subnet",
      "provider": "provider[\"registry.terraform.io/hashicorp/google\"]",
      "instances": [
        {
          "schema_version": 0,
          "attributes": {
            "creation_timestamp": "2022-09-06T09:22:13.029-07:00",
            "description": "",
            "external_ipv6_prefix": "",
            "fingerprint": null,
            "gateway_address": "10.0.0.1",
            "id": "projects/enuygun-project/regions/europe-west3/subnetworks/terraform-subnet",
            "ip_cidr_range": "10.0.0.0/24",
            "ipv6_access_type": "",
            "ipv6_cidr_range": "",
            "log_config": [],
            "name": "terraform-subnet",
            "network": "https://www.googleapis.com/compute/v1/projects/enuygun-project/global/networks/terraform-network",
            "private_ip_google_access": false,
            "private_ipv6_google_access": "DISABLE_GOOGLE_ACCESS",
            "project": "enuygun-project",
            "purpose": "PRIVATE",
            "region": "europe-west3",
            "role": "",
            "secondary_ip_range": [],
            "self_link": "https://www.googleapis.com/compute/v1/projects/enuygun-project/regions/europe-west3/subnetworks/terraform-subnet",
            "stack_type": "IPV4_ONLY",
            "timeouts": null
          },
          "sensitive_attributes": [],
          "private": "eyJlMmJmYjczMC1lY2FhLTExZTYtOGY4OC0zNDM2M2JjN2M0YzAiOnsiY3JlYXRlIjoxMjAwMDAwMDAwMDAwLCJkZWxldGUiOjEyMDAwMDAwMDAwMDAsInVwZGF0ZSI6MTIwMDAwMDAwMDAwMH19",
          "dependencies": [
            "google_compute_network.terraform-network"
          ]
        }
      ]
    },
    {
      "mode": "managed",
      "type": "google_container_cluster",
      "name": "gke-terraform",
      "provider": "provider[\"registry.terraform.io/hashicorp/google\"]",
      "instances": [
        {
          "schema_version": 1,
          "attributes": {
            "addons_config": [
              {
                "cloudrun_config": [],
                "dns_cache_config": [],
                "gce_persistent_disk_csi_driver_config": [
                  {
                    "enabled": true
                  }
                ],
                "gcp_filestore_csi_driver_config": [],
                "horizontal_pod_autoscaling": [],
                "http_load_balancing": [],
                "network_policy_config": [
                  {
                    "disabled": true
                  }
                ]
              }
            ],
            "authenticator_groups_config": [],
            "binary_authorization": [
              {
                "enabled": false,
                "evaluation_mode": ""
              }
            ],
            "cluster_autoscaling": [
              {
                "auto_provisioning_defaults": [],
                "enabled": false,
                "resource_limits": []
              }
            ],
            "cluster_ipv4_cidr": "10.204.0.0/14",
            "confidential_nodes": [],
            "database_encryption": [
              {
                "key_name": "",
                "state": "DECRYPTED"
              }
            ],
            "datapath_provider": "",
            "default_max_pods_per_node": null,
            "default_snat_status": [
              {
                "disabled": false
              }
            ],
            "description": "",
            "dns_config": [],
            "enable_autopilot": false,
            "enable_binary_authorization": false,
            "enable_intranode_visibility": false,
            "enable_kubernetes_alpha": false,
            "enable_legacy_abac": false,
            "enable_shielded_nodes": true,
            "enable_tpu": false,
            "endpoint": "34.159.250.209",
            "id": "projects/enuygun-project/locations/europe-west3-c/clusters/gke-terraform",
            "initial_node_count": 1,
            "ip_allocation_policy": [],
            "label_fingerprint": "a9dc16a7",
            "location": "europe-west3-c",
            "logging_config": [
              {
                "enable_components": [
                  "SYSTEM_COMPONENTS",
                  "WORKLOADS"
                ]
              }
            ],
            "logging_service": "logging.googleapis.com/kubernetes",
            "maintenance_policy": [],
            "master_auth": [
              {
                "client_certificate": "",
                "client_certificate_config": [
                  {
                    "issue_client_certificate": false
                  }
                ],
                "client_key": "",
                "cluster_ca_certificate": "LS0tLS1CRUdJTiBDRVJUSUZJQ0FURS0tLS0tCk1JSUVMRENDQXBTZ0F3SUJBZ0lRSDlFU1lWU0hZNjJMTHdZb0taQzdlREFOQmdrcWhraUc5dzBCQVFzRkFEQXYKTVMwd0t3WURWUVFERXlReE16QmxNbVE1WlMxbFkyWm1MVFJpTldZdFlqQmtPQzFoTVdNell6QTVOV1poTUdVdwpJQmNOTWpJd09UQTJNVFV5TWpNMVdoZ1BNakExTWpBNE1qa3hOakl5TXpWYU1DOHhMVEFyQmdOVkJBTVRKREV6Ck1HVXlaRGxsTFdWalptWXROR0kxWmkxaU1HUTRMV0V4WXpOak1EazFabUV3WlRDQ0FhSXdEUVlKS29aSWh2Y04KQVFFQkJRQURnZ0dQQURDQ0FZb0NnZ0dCQU1DSHpCbTZjZHZkbDNXSjloazZ2VTd5eVFXTy9ra2c2RlMxcGJ6bgpJajg2ZTdud3ZPMWd2M0ZhcFhKMnpqYmhtWE85b21uSzN5bUc2d3hDQnNLc3pYSG9OUEJmZlJrSHlDM0QrckJ6CmxBRjNsNTljWUhrY0RyWVg5VDFKbHhoOW9IbzRhRUJvMmZWMVBZamdOUnRSZjlqMi9SUGRxRGRuRk5lQ3dUV3cKUmtaNnZ3QytLb25sSzBOM3BKRys4WFJhcjZEMEV1VnU1R0laTkZZYmVSUGtHZHFhajVLMEFJMGdqbTlrNkprTApkek9VNzdaU3RRbGRobm5FS1dRNFBoQWE1eC9Jakk2emczOHdrUUZXYWFOalp4Q2JIVkR4eDAvTmEzbzFmMlZnCjhhWno5MlJQVlFHclRteVY5M3FZK09RQVJBem5SSXFpbUppVDU3Vmx4djR1WWorV25GaDhWV09IVUcvQWdzalYKYkx6bXQ3cjVaRkR0MnBzWGRDYVhxVGxWcDJxL09YY0RxSk5wZVR6a1VDMUVUekUxWW9ScDFXMDdObzlCUnRONgpuR0MzWE80bkxJd2hwaGg5R09rOFB3ZjVHdm1tNzZKbElGaTdkZ0pmZkFYa1J3S3dxVS9kMFhPeWVRQjN5Q1RTCnpuTzFjM2JwTlVRUVFQR04zbXpCVkpTQ013SURBUUFCbzBJd1FEQU9CZ05WSFE4QkFmOEVCQU1DQWdRd0R3WUQKVlIwVEFRSC9CQVV3QXdFQi96QWRCZ05WSFE0RUZnUVVFcFNZUlBNOFQ5d2xEY2FGbXFmOGVkTXY5Wkl3RFFZSgpLb1pJaHZjTkFRRUxCUUFEZ2dHQkFGRG5YWDdqUms3T01yM2JFZzgrZE1qYXRWeDBwbExQc3I0QWw1YUQveElPCkE2Y1Z0WmdHdmFzWFVYdU9zVEtMQ1l4ZUNLc2toWUxWSFhUblp1TXhqeXV6cWNoN0lGMFFyZU05Z0h1VEM2ODAKdFEzUVF1aFNqQ3ZwRkVDblJPYmZxOUd3cVZYOWRNVkpMTENPMmgzRSt4a2hWeTVhVVJLYzJUWFY4SkppRzdNOApnaUhjdGZ4VzlrOWxnamJiWTRWd3VBZUlQY3hqVURCR216aGoxVC9wekJEMTNWbkU3bHYvTFd3dmxoU3p3NmpBCkVHTW1EZkFUV0tWWmN0cTdwTFN1ZXpUdVhwa0ltM2RreDJLZGhpM01JQk0zamhqZENLenBRZ1E5d3VLZ05sZEQKK3VhVTlwdXZ1Q0MrRm5zeFZhenFJS1U2YlgrRHhNU04wSUtaSUllWmxxWGJYcFpJR1pPVS9zaUFnbm1CRndkZwowY21rWTdHS2V6MGhjR2R4eDE0aGllR2V4TlZnVjlMVTNibEFKOC81aFlOMWlTa1I5YmRhS3A3THJCL01CUmZwCnNlSzhCVTd2QnJaYjB2aktMbnluV09nM0FzWEd0dlRTNlhVM0tiakRoWi8waTNabi96b0tNSXpwbE1JbXdWYnYKNVlEbWhaaXJJd0hjRG5pWDBCZVh0dz09Ci0tLS0tRU5EIENFUlRJRklDQVRFLS0tLS0K"
              }
            ],
            "master_authorized_networks_config": [],
            "master_version": "1.22.11-gke.400",
            "mesh_certificates": [],
            "min_master_version": null,
            "monitoring_config": [
              {
                "enable_components": [
                  "SYSTEM_COMPONENTS"
                ]
              }
            ],
            "monitoring_service": "monitoring.googleapis.com/kubernetes",
            "name": "gke-terraform",
            "network": "projects/enuygun-project/global/networks/terraform-network",
            "network_policy": [
              {
                "enabled": false,
                "provider": "PROVIDER_UNSPECIFIED"
              }
            ],
            "networking_mode": "ROUTES",
            "node_config": [
              {
                "boot_disk_kms_key": "",
                "disk_size_gb": 100,
                "disk_type": "pd-standard",
                "gcfs_config": [],
                "guest_accelerator": [],
                "gvnic": [],
                "image_type": "COS_CONTAINERD",
                "labels": {},
                "local_ssd_count": 0,
                "machine_type": "e2-medium",
                "metadata": {
                  "disable-legacy-endpoints": "true"
                },
                "min_cpu_platform": "",
                "node_group": "",
                "oauth_scopes": [
                  "https://www.googleapis.com/auth/devstorage.read_only",
                  "https://www.googleapis.com/auth/logging.write",
                  "https://www.googleapis.com/auth/monitoring",
                  "https://www.googleapis.com/auth/service.management.readonly",
                  "https://www.googleapis.com/auth/servicecontrol",
                  "https://www.googleapis.com/auth/trace.append"
                ],
                "preemptible": false,
                "reservation_affinity": [],
                "service_account": "default",
                "shielded_instance_config": [
                  {
                    "enable_integrity_monitoring": true,
                    "enable_secure_boot": false
                  }
                ],
                "spot": false,
                "tags": [],
                "taint": [],
                "workload_metadata_config": []
              }
            ],
            "node_locations": [],
            "node_pool": [
              {
                "autoscaling": [],
                "initial_node_count": 1,
                "instance_group_urls": [
                  "https://www.googleapis.com/compute/v1/projects/enuygun-project/zones/europe-west3-c/instanceGroupManagers/gke-gke-terraform-default-pool-49b58820-grp"
                ],
                "managed_instance_group_urls": [
                  "https://www.googleapis.com/compute/v1/projects/enuygun-project/zones/europe-west3-c/instanceGroups/gke-gke-terraform-default-pool-49b58820-grp"
                ],
                "management": [
                  {
                    "auto_repair": true,
                    "auto_upgrade": true
                  }
                ],
                "max_pods_per_node": 0,
                "name": "default-pool",
                "name_prefix": "",
                "node_config": [
                  {
                    "boot_disk_kms_key": "",
                    "disk_size_gb": 100,
                    "disk_type": "pd-standard",
                    "gcfs_config": [],
                    "guest_accelerator": [],
                    "gvnic": [],
                    "image_type": "COS_CONTAINERD",
                    "labels": {},
                    "local_ssd_count": 0,
                    "machine_type": "e2-medium",
                    "metadata": {
                      "disable-legacy-endpoints": "true"
                    },
                    "min_cpu_platform": "",
                    "node_group": "",
                    "oauth_scopes": [
                      "https://www.googleapis.com/auth/devstorage.read_only",
                      "https://www.googleapis.com/auth/logging.write",
                      "https://www.googleapis.com/auth/monitoring",
                      "https://www.googleapis.com/auth/service.management.readonly",
                      "https://www.googleapis.com/auth/servicecontrol",
                      "https://www.googleapis.com/auth/trace.append"
                    ],
                    "preemptible": false,
                    "reservation_affinity": [],
                    "service_account": "default",
                    "shielded_instance_config": [
                      {
                        "enable_integrity_monitoring": true,
                        "enable_secure_boot": false
                      }
                    ],
                    "spot": false,
                    "tags": [],
                    "taint": [],
                    "workload_metadata_config": []
                  }
                ],
                "node_count": 1,
                "node_locations": [
                  "europe-west3-c"
                ],
                "upgrade_settings": [
                  {
                    "max_surge": 1,
                    "max_unavailable": 0
                  }
                ],
                "version": "1.22.11-gke.400"
              }
            ],
            "node_version": "1.22.11-gke.400",
            "notification_config": [
              {
                "pubsub": [
                  {
                    "enabled": false,
                    "topic": ""
                  }
                ]
              }
            ],
            "operation": null,
            "private_cluster_config": [],
            "private_ipv6_google_access": "",
            "project": "enuygun-project",
            "release_channel": [
              {
                "channel": "REGULAR"
              }
            ],
            "remove_default_node_pool": null,
            "resource_labels": {},
            "resource_usage_export_config": [],
            "self_link": "https://container.googleapis.com/v1/projects/enuygun-project/zones/europe-west3-c/clusters/gke-terraform",
            "services_ipv4_cidr": "10.207.240.0/20",
            "subnetwork": "projects/enuygun-project/regions/europe-west3/subnetworks/terraform-subnet",
            "timeouts": null,
            "tpu_ipv4_cidr_block": "",
            "vertical_pod_autoscaling": [],
            "workload_identity_config": []
          },
          "sensitive_attributes": [],
          "private": "eyJlMmJmYjczMC1lY2FhLTExZTYtOGY4OC0zNDM2M2JjN2M0YzAiOnsiY3JlYXRlIjoyNDAwMDAwMDAwMDAwLCJkZWxldGUiOjI0MDAwMDAwMDAwMDAsInJlYWQiOjI0MDAwMDAwMDAwMDAsInVwZGF0ZSI6MzYwMDAwMDAwMDAwMH0sInNjaGVtYV92ZXJzaW9uIjoiMSJ9",
          "dependencies": [
            "google_compute_network.terraform-network",
            "google_compute_subnetwork.terraform-subnet"
          ]
        }
      ]
    }
  ]
}
