{
  "version": 4,
  "terraform_version": "1.2.8",
  "serial": 60,
  "lineage": "94f39185-a624-daf5-f71c-88bff9c4633e",
  "outputs": {},
  "resources": [
    {
      "mode": "data",
      "type": "google_sql_database_instance",
      "name": "cloudsql",
      "provider": "provider[\"registry.terraform.io/hashicorp/google\"]",
      "instances": [
        {
          "schema_version": 0,
          "attributes": {
            "clone": null,
            "connection_name": "enuygun-project:europe-west3:cloudsql-terraform",
            "database_version": "MYSQL_5_7",
            "deletion_protection": null,
            "encryption_key_name": null,
            "first_ip_address": "34.141.83.75",
            "id": "cloudsql-terraform",
            "ip_address": [
              {
                "ip_address": "34.141.83.75",
                "time_to_retire": "",
                "type": "PRIMARY"
              }
            ],
            "master_instance_name": "",
            "name": "cloudsql-terraform",
            "private_ip_address": "",
            "project": "enuygun-project",
            "public_ip_address": "34.141.83.75",
            "region": "europe-west3",
            "replica_configuration": [],
            "restore_backup_context": null,
            "root_password": null,
            "self_link": "https://sqladmin.googleapis.com/sql/v1beta4/projects/enuygun-project/instances/cloudsql-terraform",
            "server_ca_cert": [
              {
                "cert": "-----BEGIN CERTIFICATE-----\nMIIDfzCCAmegAwIBAgIBADANBgkqhkiG9w0BAQsFADB3MS0wKwYDVQQuEyQxMTYx\nMDI2OC0wNzhiLTRmZDgtODY1Ny0xMGJmMmE0MGEyMWYxIzAhBgNVBAMTGkdvb2ds\nZSBDbG91ZCBTUUwgU2VydmVyIENBMRQwEgYDVQQKEwtHb29nbGUsIEluYzELMAkG\nA1UEBhMCVVMwHhcNMjIwOTA2MTYwNzMxWhcNMzIwOTAzMTYwODMxWjB3MS0wKwYD\nVQQuEyQxMTYxMDI2OC0wNzhiLTRmZDgtODY1Ny0xMGJmMmE0MGEyMWYxIzAhBgNV\nBAMTGkdvb2dsZSBDbG91ZCBTUUwgU2VydmVyIENBMRQwEgYDVQQKEwtHb29nbGUs\nIEluYzELMAkGA1UEBhMCVVMwggEiMA0GCSqGSIb3DQEBAQUAA4IBDwAwggEKAoIB\nAQDRDmmLo2x5LeIrOfyTnguLbSySM0yv2v8z8lKg/Dfia1ijYxTOC5a3bLOhSbE5\nTbstS6SepqsidRPMquX9JPy2xCZxetXIzeigW5QYxPG8zupK2TbHWKJOe+yb6lb+\npZ6k+oRLXcQ41Q+EkJKHjg/xlJLzGeHwBnbW5CLgVFJlRH98q+mVe4AIulhWeeJa\nJQp2TjqgLfIcKeBhSV67Mz7oKhFXBZJKDhBZeaod6/+bftEWIyCyUIoktkhR5U3Y\nTqZMxEj/1VMs28XdM/V+zEGW6pyG/j20aePKcpyisQ8BTb6JtZe7YM/qT1zmhV7k\nxyms+SaTHrK9kc8UuLVThE8NAgMBAAGjFjAUMBIGA1UdEwEB/wQIMAYBAf8CAQAw\nDQYJKoZIhvcNAQELBQADggEBAL22dIDd4YHrya0XyjSY+ZnL5P7004iTuLb8j8jW\nD17RHWUyDo46bVYH5c9rJyFSSpPayci2R4gsW634Q1p+J0oFVWdl707XEjnBBLYM\n3OSTcIgZSm5diFqIFT+pSIzaibW5Y3UC1YOH96aAitzKcYh/tEu3LnWrtIfyDtrq\n8Ozbp/qtnIJ0mEEdGbfXkOj5EsIuUyjbCZM59CJMXoAKu194JH8xHtm7mGP0R70s\n0+bdSCg3hKA1iJv/RxuDMS8MOxzKRowjQ0TZ8mVEQjxmoNCfR6IOYunQWwjFVjKZ\nyaMhGDVklPn/dkF+2zfP+rgXunStOqyWFopVJlajpa/MB+s=\n-----END CERTIFICATE-----",
                "common_name": "C=US,O=Google\\, Inc,CN=Google Cloud SQL Server CA,dnQualifier=11610268-078b-4fd8-8657-10bf2a40a21f",
                "create_time": "2022-09-06T16:07:31.477Z",
                "expiration_time": "2032-09-03T16:08:31.477Z",
                "sha1_fingerprint": "d3212c44a7f61705de0595b040abda519f406183"
              }
            ],
            "service_account_email_address": "p1029897257404-ij5o34@gcp-sa-cloud-sql.iam.gserviceaccount.com",
            "settings": [
              {
                "activation_policy": "ALWAYS",
                "active_directory_config": [],
                "availability_type": "ZONAL",
                "backup_configuration": [
                  {
                    "backup_retention_settings": [
                      {
                        "retained_backups": 7,
                        "retention_unit": "COUNT"
                      }
                    ],
                    "binary_log_enabled": false,
                    "enabled": false,
                    "location": "",
                    "point_in_time_recovery_enabled": false,
                    "start_time": "22:00",
                    "transaction_log_retention_days": 7
                  }
                ],
                "collation": "",
                "database_flags": [],
                "disk_autoresize": true,
                "disk_autoresize_limit": 0,
                "disk_size": 10,
                "disk_type": "PD_SSD",
                "insights_config": [],
                "ip_configuration": [
                  {
                    "allocated_ip_range": "",
                    "authorized_networks": [],
                    "ipv4_enabled": true,
                    "private_network": "",
                    "require_ssl": false
                  }
                ],
                "location_preference": [
                  {
                    "follow_gae_application": "",
                    "secondary_zone": "",
                    "zone": "europe-west3-b"
                  }
                ],
                "maintenance_window": [],
                "password_validation_policy": [],
                "pricing_plan": "PER_USE",
                "sql_server_audit_config": [],
                "tier": "db-f1-micro",
                "user_labels": {},
                "version": 1
              }
            ]
          },
          "sensitive_attributes": []
        }
      ]
    },
    {
      "mode": "managed",
      "type": "google_compute_disk",
      "name": "terraform-pd",
      "provider": "provider[\"registry.terraform.io/hashicorp/google\"]",
      "instances": [
        {
          "schema_version": 0,
          "attributes": {
            "creation_timestamp": "2022-09-06T10:10:09.662-07:00",
            "description": "",
            "disk_encryption_key": [],
            "id": "projects/enuygun-project/zones/europe-west3-c/disks/terraform-disk",
            "image": "",
            "label_fingerprint": "42WmSpB8rSM=",
            "labels": null,
            "last_attach_timestamp": "",
            "last_detach_timestamp": "",
            "name": "terraform-disk",
            "physical_block_size_bytes": 4096,
            "project": "enuygun-project",
            "provisioned_iops": 0,
            "self_link": "https://www.googleapis.com/compute/v1/projects/enuygun-project/zones/europe-west3-c/disks/terraform-disk",
            "size": 500,
            "snapshot": "",
            "source_image_encryption_key": [],
            "source_image_id": "",
            "source_snapshot_encryption_key": [],
            "source_snapshot_id": "",
            "timeouts": null,
            "type": "pd-standard",
            "users": [],
            "zone": "europe-west3-c"
          },
          "sensitive_attributes": [],
          "private": "eyJlMmJmYjczMC1lY2FhLTExZTYtOGY4OC0zNDM2M2JjN2M0YzAiOnsiY3JlYXRlIjoxMjAwMDAwMDAwMDAwLCJkZWxldGUiOjEyMDAwMDAwMDAwMDAsInVwZGF0ZSI6MTIwMDAwMDAwMDAwMH19"
        }
      ]
    },
    {
      "mode": "managed",
      "type": "google_compute_network",
      "name": "terraform-network",
      "provider": "provider[\"registry.terraform.io/hashicorp/google\"]",
      "instances": [
        {
          "schema_version": 0,
          "attributes": {
            "auto_create_subnetworks": false,
            "delete_default_routes_on_create": false,
            "description": "",
            "enable_ula_internal_ipv6": false,
            "gateway_ipv4": "",
            "id": "projects/enuygun-project/global/networks/terraform-network",
            "internal_ipv6_range": "",
            "mtu": 0,
            "name": "terraform-network",
            "project": "enuygun-project",
            "routing_mode": "REGIONAL",
            "self_link": "https://www.googleapis.com/compute/v1/projects/enuygun-project/global/networks/terraform-network",
            "timeouts": null
          },
          "sensitive_attributes": [],
          "private": "eyJlMmJmYjczMC1lY2FhLTExZTYtOGY4OC0zNDM2M2JjN2M0YzAiOnsiY3JlYXRlIjoxMjAwMDAwMDAwMDAwLCJkZWxldGUiOjEyMDAwMDAwMDAwMDAsInVwZGF0ZSI6MTIwMDAwMDAwMDAwMH19"
        }
      ]
    },
    {
      "mode": "managed",
      "type": "google_compute_subnetwork",
      "name": "terraform-subnet",
      "provider": "provider[\"registry.terraform.io/hashicorp/google\"]",
      "instances": [
        {
          "schema_version": 0,
          "attributes": {
            "creation_timestamp": "2022-09-06T10:10:33.117-07:00",
            "description": "",
            "external_ipv6_prefix": "",
            "fingerprint": null,
            "gateway_address": "10.0.0.1",
            "id": "projects/enuygun-project/regions/europe-west3/subnetworks/terraform-subnet",
            "ip_cidr_range": "10.0.0.0/24",
            "ipv6_access_type": "",
            "ipv6_cidr_range": "",
            "log_config": [],
            "name": "terraform-subnet",
            "network": "https://www.googleapis.com/compute/v1/projects/enuygun-project/global/networks/terraform-network",
            "private_ip_google_access": false,
            "private_ipv6_google_access": "DISABLE_GOOGLE_ACCESS",
            "project": "enuygun-project",
            "purpose": "PRIVATE",
            "region": "europe-west3",
            "role": "",
            "secondary_ip_range": [],
            "self_link": "https://www.googleapis.com/compute/v1/projects/enuygun-project/regions/europe-west3/subnetworks/terraform-subnet",
            "stack_type": "IPV4_ONLY",
            "timeouts": null
          },
          "sensitive_attributes": [],
          "private": "eyJlMmJmYjczMC1lY2FhLTExZTYtOGY4OC0zNDM2M2JjN2M0YzAiOnsiY3JlYXRlIjoxMjAwMDAwMDAwMDAwLCJkZWxldGUiOjEyMDAwMDAwMDAwMDAsInVwZGF0ZSI6MTIwMDAwMDAwMDAwMH19",
          "dependencies": [
            "google_compute_network.terraform-network"
          ]
        }
      ]
    },
    {
      "mode": "managed",
      "type": "google_container_cluster",
      "name": "gke-terraform",
      "provider": "provider[\"registry.terraform.io/hashicorp/google\"]",
      "instances": []
    },
    {
      "mode": "managed",
      "type": "google_service_account",
      "name": "cloudsql-proxy-terraform",
      "provider": "provider[\"registry.terraform.io/hashicorp/google\"]",
      "instances": [
        {
          "schema_version": 0,
          "attributes": {
            "account_id": "cloudsql-proxy-terraform",
            "description": "",
            "disabled": false,
            "display_name": "cloudsql-proxy-terraform",
            "email": "cloudsql-proxy-terraform@enuygun-project.iam.gserviceaccount.com",
            "id": "projects/enuygun-project/serviceAccounts/cloudsql-proxy-terraform@enuygun-project.iam.gserviceaccount.com",
            "name": "projects/enuygun-project/serviceAccounts/cloudsql-proxy-terraform@enuygun-project.iam.gserviceaccount.com",
            "project": "enuygun-project",
            "timeouts": null,
            "unique_id": "107533021811370015213"
          },
          "sensitive_attributes": [],
          "private": "eyJlMmJmYjczMC1lY2FhLTExZTYtOGY4OC0zNDM2M2JjN2M0YzAiOnsiY3JlYXRlIjozMDAwMDAwMDAwMDB9fQ=="
        }
      ]
    },
    {
      "mode": "managed",
      "type": "google_service_account_key",
      "name": "cloudsql-proxy-key",
      "provider": "provider[\"registry.terraform.io/hashicorp/google\"]",
      "instances": [
        {
          "schema_version": 0,
          "attributes": {
            "id": "projects/enuygun-project/serviceAccounts/cloudsql-proxy-terraform@enuygun-project.iam.gserviceaccount.com/keys/1d28eb414f3e1883e002a035359cb08bf1efac1a",
            "keepers": null,
            "key_algorithm": "KEY_ALG_RSA_2048",
            "name": "projects/enuygun-project/serviceAccounts/cloudsql-proxy-terraform@enuygun-project.iam.gserviceaccount.com/keys/1d28eb414f3e1883e002a035359cb08bf1efac1a",
            "private_key": "ewogICJ0eXBlIjogInNlcnZpY2VfYWNjb3VudCIsCiAgInByb2plY3RfaWQiOiAiZW51eWd1bi1wcm9qZWN0IiwKICAicHJpdmF0ZV9rZXlfaWQiOiAiMWQyOGViNDE0ZjNlMTg4M2UwMDJhMDM1MzU5Y2IwOGJmMWVmYWMxYSIsCiAgInByaXZhdGVfa2V5IjogIi0tLS0tQkVHSU4gUFJJVkFURSBLRVktLS0tLVxuTUlJRXZRSUJBREFOQmdrcWhraUc5dzBCQVFFRkFBU0NCS2N3Z2dTakFnRUFBb0lCQVFEQXhrUWFQZ0JyeHViTFxuNzU5UklsTVh2NUp4cHFrMGJ1M2huL2pnN2hXbis5MGxYVEFEdWFtN05WYmh2Z3llS2U2UE1Od0IydXpRanlMTVxub1FBNEdaUDI2by9yUE51ZmV0dDk0d1A1Q3d3eDU3Q01LeEJCa2h0M3RWNCtGRngzYkt4cXJEbVFxUUtWYzRDa1xuOEdvQ1QyMGpVRWdWa1VhV1RObmk3Z3dibDdRVXpmazJVTTR2WkNOWlJ1b2RJbzZSZEIrWkhpREMxMGUzbnltcFxuTDE5WmlvT3NIL2ZEQTZWRU5sNHR5MVZXeEZKVVIzWmlTQzVuZk5KRTAwOENTR1NKT2R2Rk4yTjZKQlp6NXZpUlxuWGJJV2Vrc01BNmEvU0ZnWWxkZUkrWndsM1BFRDdjOGRHTmVId3U0YzJnM2h6aUpGWmZBbmEvQVAvQmtwSzVKZ1xuRE1qK1B6bHRBZ01CQUFFQ2dnRUFEVXNlMHlNY3dGSG5yeW5kQzFQdlN2U2VVcWF5Mnd6SWxyQ0RaeG9aU3VEbVxueFNHQitCL0xnVDludUdBZldxRFFTZlkzNnd0L3g4OWh1a2xpb2RFUnVtQ1QxWEw0UDRKOHRGZW4rYy9naldoMFxuRjVaalRwZVd1L3M1S1NyRTh1OVVOeDd5bS9QV1c4YXFtUXFESk83NU93clpqYk13OGtNUkcyeGRwV0YydlBYQVxuY3MrMkhSZThPckJIYlZoVUZNcHNwMkJUM2FVa2tqNGVxbTFRQkxwdjIzV2JFWnZWckpibW0vcVFMbzZaV093T1xuc0h2MHQvdmdhSkpUU0cxVUFIZW9oNmoxWkFDSnBDdDQ3OFN4d1A1L0N0eUg4bWg5UUR6N0RiUVd0TmVGaHZQMFxuNFhHQ0ZGTS9XMFQyeitBUzhJUTFZMUxuRTF2WkJHMVhscEhqcTM4MCtRS0JnUUQwRklhMHA4RFR5b0l3WWdVRlxuQjltVTVqcWJaZ1hMV3E4M3VreGwvVVE2RmZtMnpkamJ5SmhZSy9UemYvUTd1TCtNekZsd2ZtcmNWSGRMTENsSlxuVVJYSnIzL01xaWZzQnJNVnhabTdJV3Ywb2dFVjU4MTVuVGxUSlk2TlhPZW01d1lDVkt6Y1hSUmRXWGZSMi82NFxuK0ttU25nWmI0aTVucnUzUWRvZDVoZ3RGb3dLQmdRREtNRkhGSHNiWTE2bE5jaXQzZjZTbitoZmQyQ3hCNXVMNlxuZVhzRjd2WHVVVXlFSldEQkUwZ0xEakg4M3dCSHVqcU9nYnJ2L1EwYXp3S2k5N3Y5ZVIwYWVCN1ozVFRVMmd6UVxuT0xKazFGYW5Kc2J0ek90UGxLWmlvR3JZZ080T1JMTXFzb2pjRHhPMjgyYWw4S1p0NlViWnA1ZGQwbm56SzdYT1xucm1tVUM1N1Zyd0tCZ0N4a3oxdHNaNVlkN3kvOXBBd1dNV3p6c3hVd3FUMGpjVnNoZDJQVmZPTlR1K2VUNlMyUVxuZnFVSzJiS3dReXZabm4xdGJaY1laemRMNWFhMmtZdlVRN0k3U1hOZ1A0S2VkVlF3YkpXc3JvWUFNVkphcHZUSFxucy9WN2owSUc4OXRYaWJCQzFtMytRQVg2aitDTHN2alJ3WVg1V0E2K1JOSjI3cXBMNUxnbHVVY2hBb0dBZlprTVxuZ3AzK3VoOGw3WlVaaVU4Q2N0SjUxdlo5YjZiRW93R3B1V0xhNU9NZDNBejRFSmd3cmFWd3lmdWhTZTFXaU1YdlxuNFRyWjFDaDZJOUF1dUdOdS84MVVwTk8wQ1BFMituWHQ0NUxBRFcrYUxZaVpPRU5JSklZd09UUEdMWmpoajRsK1xuV08wSXV5SnlSbXk2aGhaZVM4QysxNnB5MU9yM01sL0grQTVMNmNNQ2dZRUFsT3Qxd2ZjL3BMY2RZcmV1Ym9FblxuVmVOeWdWTUJNTFk2amhSQ0tMK3NaRjdyVytGSW90cHNZcURySFdqNVozRy9RQ01YaXZ4OE9QR2cvTEkzam9PVlxuZkg1WVlWRkdUUHU5YnpqZnRxeTFlMjNjVXZzTGI1MlFmUkJZcW9MT2RET2hXZ2hOSUgzWkpsTUJOS215NjY2dVxubm1HQ2NlL0Y2SjRhWDZaUlY0cTZBM2s9XG4tLS0tLUVORCBQUklWQVRFIEtFWS0tLS0tXG4iLAogICJjbGllbnRfZW1haWwiOiAiY2xvdWRzcWwtcHJveHktdGVycmFmb3JtQGVudXlndW4tcHJvamVjdC5pYW0uZ3NlcnZpY2VhY2NvdW50LmNvbSIsCiAgImNsaWVudF9pZCI6ICIxMDc1MzMwMjE4MTEzNzAwMTUyMTMiLAogICJhdXRoX3VyaSI6ICJodHRwczovL2FjY291bnRzLmdvb2dsZS5jb20vby9vYXV0aDIvYXV0aCIsCiAgInRva2VuX3VyaSI6ICJodHRwczovL29hdXRoMi5nb29nbGVhcGlzLmNvbS90b2tlbiIsCiAgImF1dGhfcHJvdmlkZXJfeDUwOV9jZXJ0X3VybCI6ICJodHRwczovL3d3dy5nb29nbGVhcGlzLmNvbS9vYXV0aDIvdjEvY2VydHMiLAogICJjbGllbnRfeDUwOV9jZXJ0X3VybCI6ICJodHRwczovL3d3dy5nb29nbGVhcGlzLmNvbS9yb2JvdC92MS9tZXRhZGF0YS94NTA5L2Nsb3Vkc3FsLXByb3h5LXRlcnJhZm9ybSU0MGVudXlndW4tcHJvamVjdC5pYW0uZ3NlcnZpY2VhY2NvdW50LmNvbSIKfQo=",
            "private_key_type": "TYPE_GOOGLE_CREDENTIALS_FILE",
            "public_key": "LS0tLS1CRUdJTiBDRVJUSUZJQ0FURS0tLS0tCk1JSUMvRENDQWVTZ0F3SUJBZ0lJRC9EcHg1VGp2ckF3RFFZSktvWklodmNOQVFFRkJRQXdJREVlTUJ3R0ExVUUKQXhNVk1UQTNOVE16TURJeE9ERXhNemN3TURFMU1qRXpNQ0FYRFRJeU1Ea3dOakUzTVRBeE1Wb1lEems1T1RreApNak14TWpNMU9UVTVXakFnTVI0d0hBWURWUVFERXhVeE1EYzFNek13TWpFNE1URXpOekF3TVRVeU1UTXdnZ0VpCk1BMEdDU3FHU0liM0RRRUJBUVVBQTRJQkR3QXdnZ0VLQW9JQkFRREF4a1FhUGdCcnh1Ykw3NTlSSWxNWHY1SngKcHFrMGJ1M2huL2pnN2hXbis5MGxYVEFEdWFtN05WYmh2Z3llS2U2UE1Od0IydXpRanlMTW9RQTRHWlAyNm8vcgpQTnVmZXR0OTR3UDVDd3d4NTdDTUt4QkJraHQzdFY0K0ZGeDNiS3hxckRtUXFRS1ZjNENrOEdvQ1QyMGpVRWdWCmtVYVdUTm5pN2d3Ymw3UVV6ZmsyVU00dlpDTlpSdW9kSW82UmRCK1pIaURDMTBlM255bXBMMTlaaW9Pc0gvZkQKQTZWRU5sNHR5MVZXeEZKVVIzWmlTQzVuZk5KRTAwOENTR1NKT2R2Rk4yTjZKQlp6NXZpUlhiSVdla3NNQTZhLwpTRmdZbGRlSStad2wzUEVEN2M4ZEdOZUh3dTRjMmczaHppSkZaZkFuYS9BUC9Ca3BLNUpnRE1qK1B6bHRBZ01CCkFBR2pPREEyTUF3R0ExVWRFd0VCL3dRQ01BQXdEZ1lEVlIwUEFRSC9CQVFEQWdlQU1CWUdBMVVkSlFFQi93UU0KTUFvR0NDc0dBUVVGQndNQ01BMEdDU3FHU0liM0RRRUJCUVVBQTRJQkFRQTFwdXVYL09uc1c2bXl5T1F5dE5QWApPTmtSc2FEemFOZ3RFNjFxNHFVcElTem1KU2dWRjArY0dtWW9nSElhME0zaDJKQlhmclJhYUlMcUpsUEkyZVM4Ck5ZbDBQUWJ4TEFhQTNwVmlGU213ZUZuOGY2WCtVYS9LTVNEYXAvcjRydDZMRXVMZDhEZHNhY3VsZVE2dVNPS0wKbmRhVGV3SVhxR3hHMGUydW9WSnV4NHgxUUxtQXd1YVJ0eitPcFgvRmZ3YUpKak5wTmxTc0QxSkFoc0RqT1M3SAo5L0c2L0FPL0UrMVExVlc1OFE1Ung4c3BOVWdJRTdVd2NkUGtqL2FnUWo0Q1BlWHI1dlhLb1VSWTNUbXZtOU9mCkFCdi9NSHBMTHErRVF0S0R0K1piVEMzQVhWbG1QTzlTdkRsR2Z6eWE3VHRvbG9hbzd1SWczb3dBMVg1RDdWaEwKLS0tLS1FTkQgQ0VSVElGSUNBVEUtLS0tLQo=",
            "public_key_data": null,
            "public_key_type": "TYPE_X509_PEM_FILE",
            "service_account_id": "projects/enuygun-project/serviceAccounts/cloudsql-proxy-terraform@enuygun-project.iam.gserviceaccount.com",
            "valid_after": "2022-09-06T17:10:11Z",
            "valid_before": "9999-12-31T23:59:59Z"
          },
          "sensitive_attributes": [],
          "private": "bnVsbA==",
          "dependencies": [
            "google_service_account.cloudsql-proxy-terraform"
          ]
        }
      ]
    },
    {
      "mode": "managed",
      "type": "google_sql_user",
      "name": "cloudsql-wordpress-user",
      "provider": "provider[\"registry.terraform.io/hashicorp/google\"]",
      "instances": []
    },
    {
      "mode": "managed",
      "type": "kubernetes_deployment",
      "name": "wordpress-deployment",
      "provider": "provider[\"registry.terraform.io/hashicorp/kubernetes\"]",
      "instances": []
    },
    {
      "mode": "managed",
      "type": "kubernetes_persistent_volume_claim",
      "name": "terraform-pvc",
      "provider": "provider[\"registry.terraform.io/hashicorp/kubernetes\"]",
      "instances": []
    },
    {
      "mode": "managed",
      "type": "local_file",
      "name": "password-file",
      "provider": "provider[\"registry.terraform.io/hashicorp/local\"]",
      "instances": [
        {
          "schema_version": 0,
          "attributes": {
            "content": "d0UgBAR0cxa@%4KqTB",
            "content_base64": null,
            "directory_permission": "0777",
            "file_permission": "0777",
            "filename": "./password-file",
            "id": "06aa1b1ba08ed4d67e3bf379c5fa3e57db12582d",
            "sensitive_content": null,
            "source": null
          },
          "sensitive_attributes": [
            [
              {
                "type": "get_attr",
                "value": "content"
              }
            ]
          ],
          "private": "bnVsbA==",
          "dependencies": [
            "random_password.wordpress-cloudsql-password"
          ]
        }
      ]
    },
    {
      "mode": "managed",
      "type": "random_password",
      "name": "wordpress-cloudsql-password",
      "provider": "provider[\"registry.terraform.io/hashicorp/random\"]",
      "instances": [
        {
          "schema_version": 2,
          "attributes": {
            "bcrypt_hash": "$2a$10$m2V4zXTbqyYykOfl7WpZQeG4s6Y.yD/v3339ECb/UtD4xcQHm7Gyi",
            "id": "none",
            "keepers": null,
            "length": 18,
            "lower": true,
            "min_lower": 0,
            "min_numeric": 0,
            "min_special": 0,
            "min_upper": 0,
            "number": true,
            "numeric": true,
            "override_special": "_%@",
            "result": "d0UgBAR0cxa@%4KqTB",
            "special": true,
            "upper": true
          },
          "sensitive_attributes": []
        }
      ]
    }
  ]
}
